
Microsoft Visual Studio Solution File, Format Version 12.00
# Visual Studio Version 17
VisualStudioVersion = 17.7.34024.191
MinimumVisualStudioVersion = 10.0.40219.1
Project("{2150E333-8FDC-42A3-9474-1A3956D46DE8}") = "Solution Items", "Solution Items", "{4F3587DE-7188-4313-A209-F166258621E7}"
	ProjectSection(SolutionItems) = preProject
		.editorconfig = .editorconfig
	EndProjectSection
EndProject
Project("{FAE04EC0-301F-11D3-BF4B-00C04F79EFBC}") = "Project_Gym", "Project_Gym\Project_Gym.csproj", "{FDE294BA-553F-400E-8B4E-130A9EEB603D}"
	ProjectSection(ProjectDependencies) = postProject
		{35942325-9B14-42F3-B4EF-4E719A413D1D} = {35942325-9B14-42F3-B4EF-4E719A413D1D}
	EndProjectSection
EndProject
Project("{FAE04EC0-301F-11D3-BF4B-00C04F79EFBC}") = "PlanDataWebService", "PlanDataWebService\PlanDataWebService.csproj", "{525EFCFF-72C1-4092-9651-517E3BD475EC}"
EndProject
Project("{FAE04EC0-301F-11D3-BF4B-00C04F79EFBC}") = "WebServiceSoapAPI", "WebServiceSoapAPI\WebServiceSoapAPI.csproj", "{35942325-9B14-42F3-B4EF-4E719A413D1D}"
EndProject
Project("{9A19103F-16F7-4668-BE54-9A1E7A4F7556}") = "ControllersProject", "ControllersProject\ControllersProject.csproj", "{7C24C69C-0D1D-4B23-B6FD-7A31CBBFBBF0}"
EndProject
Project("{FAE04EC0-301F-11D3-BF4B-00C04F79EFBC}") = "TrainingServerAPI", "TrainingServerAPI\TrainingServerAPI.csproj", "{1CBCFF88-4806-4AAA-A38E-D8F0E5EBF2FD}"
EndProject
Global
	GlobalSection(SolutionConfigurationPlatforms) = preSolution
		Debug|Any CPU = Debug|Any CPU
		Release|Any CPU = Release|Any CPU
	EndGlobalSection
	GlobalSection(ProjectConfigurationPlatforms) = postSolution
		{FDE294BA-553F-400E-8B4E-130A9EEB603D}.Debug|Any CPU.ActiveCfg = Debug|Any CPU
		{FDE294BA-553F-400E-8B4E-130A9EEB603D}.Debug|Any CPU.Build.0 = Debug|Any CPU
		{FDE294BA-553F-400E-8B4E-130A9EEB603D}.Release|Any CPU.ActiveCfg = Release|Any CPU
		{FDE294BA-553F-400E-8B4E-130A9EEB603D}.Release|Any CPU.Build.0 = Release|Any CPU
		{525EFCFF-72C1-4092-9651-517E3BD475EC}.Debug|Any CPU.ActiveCfg = Debug|Any CPU
		{525EFCFF-72C1-4092-9651-517E3BD475EC}.Debug|Any CPU.Build.0 = Debug|Any CPU
		{525EFCFF-72C1-4092-9651-517E3BD475EC}.Release|Any CPU.ActiveCfg = Release|Any CPU
		{525EFCFF-72C1-4092-9651-517E3BD475EC}.Release|Any CPU.Build.0 = Release|Any CPU
		{35942325-9B14-42F3-B4EF-4E719A413D1D}.Debug|Any CPU.ActiveCfg = Debug|Any CPU
		{35942325-9B14-42F3-B4EF-4E719A413D1D}.Debug|Any CPU.Build.0 = Debug|Any CPU
		{35942325-9B14-42F3-B4EF-4E719A413D1D}.Release|Any CPU.ActiveCfg = Release|Any CPU
		{35942325-9B14-42F3-B4EF-4E719A413D1D}.Release|Any CPU.Build.0 = Release|Any CPU
		{7C24C69C-0D1D-4B23-B6FD-7A31CBBFBBF0}.Debug|Any CPU.ActiveCfg = Debug|Any CPU
		{7C24C69C-0D1D-4B23-B6FD-7A31CBBFBBF0}.Debug|Any CPU.Build.0 = Debug|Any CPU
		{7C24C69C-0D1D-4B23-B6FD-7A31CBBFBBF0}.Release|Any CPU.ActiveCfg = Release|Any CPU
		{7C24C69C-0D1D-4B23-B6FD-7A31CBBFBBF0}.Release|Any CPU.Build.0 = Release|Any CPU
		{1CBCFF88-4806-4AAA-A38E-D8F0E5EBF2FD}.Debug|Any CPU.ActiveCfg = Debug|Any CPU
		{1CBCFF88-4806-4AAA-A38E-D8F0E5EBF2FD}.Debug|Any CPU.Build.0 = Debug|Any CPU
		{1CBCFF88-4806-4AAA-A38E-D8F0E5EBF2FD}.Release|Any CPU.ActiveCfg = Release|Any CPU
		{1CBCFF88-4806-4AAA-A38E-D8F0E5EBF2FD}.Release|Any CPU.Build.0 = Release|Any CPU
	EndGlobalSection
	GlobalSection(SolutionProperties) = preSolution
		HideSolutionNode = FALSE
	EndGlobalSection
	GlobalSection(ExtensibilityGlobals) = postSolution
		SolutionGuid = {BCA4709E-48D5-41E0-ABAD-1D16AA52C1E1}
	EndGlobalSection
EndGlobal
